
Microsoft Visual Studio Solution File, Format Version 12.00
# Visual Studio Version 17
VisualStudioVersion = 17.10.35201.131
MinimumVisualStudioVersion = 10.0.40219.1
Project("{FAE04EC0-301F-11D3-BF4B-00C04F79EFBC}") = "aula4", "aula4\aula4.csproj", "{3785F45A-F770-447D-921E-F9705DA940BF}"
EndProject
Global
	GlobalSection(SolutionConfigurationPlatforms) = preSolution
		Debug|Any CPU = Debug|Any CPU
		Release|Any CPU = Release|Any CPU
	EndGlobalSection
	GlobalSection(ProjectConfigurationPlatforms) = postSolution
		{3785F45A-F770-447D-921E-F9705DA940BF}.Debug|Any CPU.ActiveCfg = Debug|Any CPU
		{3785F45A-F770-447D-921E-F9705DA940BF}.Debug|Any CPU.Build.0 = Debug|Any CPU
		{3785F45A-F770-447D-921E-F9705DA940BF}.Release|Any CPU.ActiveCfg = Release|Any CPU
		{3785F45A-F770-447D-921E-F9705DA940BF}.Release|Any CPU.Build.0 = Release|Any CPU
	EndGlobalSection
	GlobalSection(SolutionProperties) = preSolution
		HideSolutionNode = FALSE
	EndGlobalSection
	GlobalSection(ExtensibilityGlobals) = postSolution
		SolutionGuid = {48C8FE59-9C41-4EEE-9054-2C99C9BE767D}
	EndGlobalSection
EndGlobal
