
Microsoft Visual Studio Solution File, Format Version 12.00
# Visual Studio Version 17
VisualStudioVersion = 17.10.35122.118
MinimumVisualStudioVersion = 10.0.40219.1
Project("{FAE04EC0-301F-11D3-BF4B-00C04F79EFBC}") = "aula2", "aula2\aula2.csproj", "{ED45824D-6889-439B-879C-752E053B7B09}"
EndProject
Global
	GlobalSection(SolutionConfigurationPlatforms) = preSolution
		Debug|Any CPU = Debug|Any CPU
		Release|Any CPU = Release|Any CPU
	EndGlobalSection
	GlobalSection(ProjectConfigurationPlatforms) = postSolution
		{ED45824D-6889-439B-879C-752E053B7B09}.Debug|Any CPU.ActiveCfg = Debug|Any CPU
		{ED45824D-6889-439B-879C-752E053B7B09}.Debug|Any CPU.Build.0 = Debug|Any CPU
		{ED45824D-6889-439B-879C-752E053B7B09}.Release|Any CPU.ActiveCfg = Release|Any CPU
		{ED45824D-6889-439B-879C-752E053B7B09}.Release|Any CPU.Build.0 = Release|Any CPU
	EndGlobalSection
	GlobalSection(SolutionProperties) = preSolution
		HideSolutionNode = FALSE
	EndGlobalSection
	GlobalSection(ExtensibilityGlobals) = postSolution
		SolutionGuid = {D09BF7C3-5740-447B-B747-87D6407CE319}
	EndGlobalSection
EndGlobal
