
Microsoft Visual Studio Solution File, Format Version 12.00
# Visual Studio Version 17
VisualStudioVersion = 17.5.002.0
MinimumVisualStudioVersion = 10.0.40219.1
Project("{9A19103F-16F7-4668-BE54-9A1E7A4F7556}") = "Aula", "Aula\Aula.csproj", "{880332EF-EE89-41CD-8C11-C7F24388F917}"
EndProject
Global
	GlobalSection(SolutionConfigurationPlatforms) = preSolution
		Debug|Any CPU = Debug|Any CPU
		Release|Any CPU = Release|Any CPU
	EndGlobalSection
	GlobalSection(ProjectConfigurationPlatforms) = postSolution
		{880332EF-EE89-41CD-8C11-C7F24388F917}.Debug|Any CPU.ActiveCfg = Debug|Any CPU
		{880332EF-EE89-41CD-8C11-C7F24388F917}.Debug|Any CPU.Build.0 = Debug|Any CPU
		{880332EF-EE89-41CD-8C11-C7F24388F917}.Release|Any CPU.ActiveCfg = Release|Any CPU
		{880332EF-EE89-41CD-8C11-C7F24388F917}.Release|Any CPU.Build.0 = Release|Any CPU
	EndGlobalSection
	GlobalSection(SolutionProperties) = preSolution
		HideSolutionNode = FALSE
	EndGlobalSection
	GlobalSection(ExtensibilityGlobals) = postSolution
		SolutionGuid = {8CEDDD1A-9349-424D-8143-B9A8D66D1CC1}
	EndGlobalSection
EndGlobal
