
Microsoft Visual Studio Solution File, Format Version 12.00
Project("{FAE04EC0-301F-11D3-BF4B-00C04F79EFBC}") = "aula3", "aula3\aula3.csproj", "{F13A180C-2DD8-475B-96EE-0CFB7F5EA1E4}"
EndProject
Global
	GlobalSection(SolutionConfigurationPlatforms) = preSolution
		Debug|Any CPU = Debug|Any CPU
		Release|Any CPU = Release|Any CPU
	EndGlobalSection
	GlobalSection(ProjectConfigurationPlatforms) = postSolution
		{F13A180C-2DD8-475B-96EE-0CFB7F5EA1E4}.Debug|Any CPU.ActiveCfg = Debug|Any CPU
		{F13A180C-2DD8-475B-96EE-0CFB7F5EA1E4}.Debug|Any CPU.Build.0 = Debug|Any CPU
		{F13A180C-2DD8-475B-96EE-0CFB7F5EA1E4}.Release|Any CPU.ActiveCfg = Release|Any CPU
		{F13A180C-2DD8-475B-96EE-0CFB7F5EA1E4}.Release|Any CPU.Build.0 = Release|Any CPU
	EndGlobalSection
EndGlobal
